# THIS IS AN AUTOGENERATED FILE. DO NOT EDIT THIS FILE DIRECTLY.
# yarn lockfile v1


clipboard@^2.0.0:
  version "2.0.4"
  resolved "https://registry.npm.taobao.org/clipboard/download/clipboard-2.0.4.tgz#836dafd66cf0fea5d71ce5d5b0bf6e958009112d"
  integrity sha1-g22v1mzw/qXXHOXVsL9ulYAJES0=
  dependencies:
    good-listener "^1.2.2"
    select "^1.1.2"
    tiny-emitter "^2.0.0"

delegate@^3.1.2:
  version "3.2.0"
  resolved "https://registry.npm.taobao.org/delegate/download/delegate-3.2.0.tgz#b66b71c3158522e8ab5744f720d8ca0c2af59166"
  integrity sha1-tmtxwxWFIuirV0T3INjKDCr1kWY=

good-listener@^1.2.2:
  version "1.2.2"
  resolved "https://registry.npm.taobao.org/good-listener/download/good-listener-1.2.2.tgz#d53b30cdf9313dffb7dc9a0d477096aa6d145c50"
  integrity sha1-1TswzfkxPf+33JoNR3CWqm0UXFA=
  dependencies:
    delegate "^3.1.2"

markdown-it-container@^2.0.0:
  version "2.0.0"
  resolved "https://registry.npm.taobao.org/markdown-it-container/download/markdown-it-container-2.0.0.tgz#0019b43fd02eefece2f1960a2895fba81a404695"
  integrity sha1-ABm0P9Au7+zi8ZYKKJX7qBpARpU=

prismjs@^1.16.0:
  version "1.16.0"
  resolved "https://registry.npm.taobao.org/prismjs/download/prismjs-1.16.0.tgz#406eb2c8aacb0f5f0f1167930cb83835d10a4308"
  integrity sha1-QG6yyKrLD18PEWeTDLg4NdEKQwg=
  optionalDependencies:
    clipboard "^2.0.0"

select@^1.1.2:
  version "1.1.2"
  resolved "https://registry.npm.taobao.org/select/download/select-1.1.2.tgz#0e7350acdec80b1108528786ec1d4418d11b396d"
  integrity sha1-DnNQrN7ICxEIUoeG7B1EGNEbOW0=

tiny-emitter@^2.0.0:
  version "2.1.0"
  resolved "https://registry.npm.taobao.org/tiny-emitter/download/tiny-emitter-2.1.0.tgz#1d1a56edfc51c43e863cbb5382a72330e3555423"
  integrity sha1-HRpW7fxRxD6GPLtTgqcjMONVVCM=
