# THIS IS AN AUTOGENERATED FILE. DO NOT EDIT THIS FILE DIRECTLY.
# yarn lockfile v1


markdown-it-container@^2.0.0:
  version "2.0.0"
  resolved "https://registry.npm.taobao.org/markdown-it-container/download/markdown-it-container-2.0.0.tgz#0019b43fd02eefece2f1960a2895fba81a404695"
  integrity sha1-ABm0P9Au7+zi8ZYKKJX7qBpARpU=

prismjs@^1.27.0:
  version "1.27.0"
  resolved "https://registry.yarnpkg.com/prismjs/-/prismjs-1.27.0.tgz#bb6ee3138a0b438a3653dd4d6ce0cc6510a45057"
  integrity sha512-t13BGPUlFDR7wRB5kQDG4jjl7XeuH6jbJGt11JHPL96qwsEHNX2+68tFXqc1/k+/jALsbSWJKUOT/hcYAZ5LkA==
